PODS:
  - MIPlayground (5.0.11)

DEPENDENCIES:
  - MIPlayground (from `https://github.com/mapp-digital/sdk-ios-playground.git`)

EXTERNAL SOURCES:
  MIPlayground:
    :git: https://github.com/mapp-digital/sdk-ios-playground.git

CHECKOUT OPTIONS:
  MIPlayground:
    :commit: 4793b1fe04815afb0eb27756e502d0230c1bb349
    :git: https://github.com/mapp-digital/sdk-ios-playground.git

SPEC CHECKSUMS:
  MIPlayground: e21cc5dad9ded9066d20de5f20aa12841c3b555a

PODFILE CHECKSUM: 7f6476d5d04c112247a85db7cd08c4e1175b58f8

COCOAPODS: 1.15.2
